// !$*UTF8*$!
{
	archiveVersion = 1;
	classes = {
	};
	objectVersion = 46;
	objects = {

/* Begin PBXBuildFile section */
		C442B32517E84F39006AD579 /* Foundation.framework in Frameworks */ = {isa = PBXBuildFile; fileRef = C442B32417E84F39006AD579 /* Foundation.framework */; };
		C442B32817E84F39006AD579 /* main.m in Sources */ = {isa = PBXBuildFile; fileRef = C442B32717E84F39006AD579 /* main.m */; };
		C442B32C17E84F39006AD579 /* sentinel.1 in CopyFiles */ = {isa = PBXBuildFile; fileRef = C442B32B17E84F39006AD579 /* sentinel.1 */; };
/* End PBXBuildFile section */

/* Begin PBXCopyFilesBuildPhase section */
		C442B31F17E84F39006AD579 /* CopyFiles */ = {
			isa = PBXCopyFilesBuildPhase;
			buildActionMask = 2147483647;
			dstPath = /usr/share/man/man1/;
			dstSubfolderSpec = 0;
			files = (
				C442B32C17E84F39006AD579 /* sentinel.1 in CopyFiles */,
			);
			runOnlyForDeploymentPostprocessing = 1;
		};
/* End PBXCopyFilesBuildPhase section */

/* Begin PBXFileReference section */
		C442B32117E84F39006AD579 /* sentinel */ = {isa = PBXFileReference; explicitFileType = "compiled.mach-o.executable"; includeInIndex = 0; path = sentinel; sourceTree = BUILT_PRODUCTS_DIR; };
		C442B32417E84F39006AD579 /* Foundation.framework */ = {isa = PBXFileReference; lastKnownFileType = wrapper.framework; name = Foundation.framework; path = System/Library/Frameworks/Foundation.framework; sourceTree = SDKROOT; };
		C442B32717E84F39006AD579 /* main.m */ = {isa = PBXFileReference; lastKnownFileType = sourcecode.c.objc; path = main.m; sourceTree = "<group>"; };
		C442B32A17E84F39006AD579 /* sentinel-Prefix.pch */ = {isa = PBXFileReference; lastKnownFileType = sourcecode.c.h; path = "sentinel-Prefix.pch"; sourceTree = "<group>"; };
		C442B32B17E84F39006AD579 /* sentinel.1 */ = {isa = PBXFileReference; lastKnownFileType = text.man; path = sentinel.1; sourceTree = "<group>"; };
/* End PBXFileReference section */

/* Begin PBXFrameworksBuildPhase section */
		C442B31E17E84F39006AD579 /* Frameworks */ = {
			isa = PBXFrameworksBuildPhase;
			buildActionMask = 2147483647;
			files = (
				C442B32517E84F39006AD579 /* Foundation.framework in Frameworks */,
			);
			runOnlyForDeploymentPostprocessing = 0;
		};
/* End PBXFrameworksBuildPhase section */

/* Begin PBXGroup section */
		C442B31817E84F39006AD579 = {
			isa = PBXGroup;
			children = (
				C442B32617E84F39006AD579 /* sentinel */,
				C442B32317E84F39006AD579 /* Frameworks */,
				C442B32217E84F39006AD579 /* Products */,
			);
			sourceTree = "<group>";
		};
		C442B32217E84F39006AD579 /* Products */ = {
			isa = PBXGroup;
			children = (
				C442B32117E84F39006AD579 /* sentinel */,
			);
			name = Products;
			sourceTree = "<group>";
		};
		C442B32317E84F39006AD579 /* Frameworks */ = {
			isa = PBXGroup;
			children = (
				C442B32417E84F39006AD579 /* Foundation.framework */,
			);
			name = Frameworks;
			sourceTree = "<group>";
		};
		C442B32617E84F39006AD579 /* sentinel */ = {
			isa = PBXGroup;
			children = (
				C442B32717E84F39006AD579 /* main.m */,
				C442B32B17E84F39006AD579 /* sentinel.1 */,
				C442B32917E84F39006AD579 /* Supporting Files */,
			);
			path = sentinel;
			sourceTree = "<group>";
		};
		C442B32917E84F39006AD579 /* Supporting Files */ = {
			isa = PBXGroup;
			children = (
				C442B32A17E84F39006AD579 /* sentinel-Prefix.pch */,
			);
			name = "Supporting Files";
			sourceTree = "<group>";
		};
/* End PBXGroup section */

/* Begin PBXNativeTarget section */
		C442B32017E84F39006AD579 /* sentinel */ = {
			isa = PBXNativeTarget;
			buildConfigurationList = C442B32F17E84F39006AD579 /* Build configuration list for PBXNativeTarget "sentinel" */;
			buildPhases = (
				C442B31D17E84F39006AD579 /* Sources */,
				C442B31E17E84F39006AD579 /* Frameworks */,
				C442B31F17E84F39006AD579 /* CopyFiles */,
			);
			buildRules = (
			);
			dependencies = (
			);
			name = sentinel;
			productName = sentinel;
			productReference = C442B32117E84F39006AD579 /* sentinel */;
			productType = "com.apple.product-type.tool";
		};
/* End PBXNativeTarget section */

/* Begin PBXProject section */
		C442B31917E84F39006AD579 /* Project object */ = {
			isa = PBXProject;
			attributes = {
				LastUpgradeCheck = 0460;
				ORGANIZATIONNAME = com.Sinosoft;
			};
			buildConfigurationList = C442B31C17E84F39006AD579 /* Build configuration list for PBXProject "sentinel" */;
			compatibilityVersion = "Xcode 3.2";
			developmentRegion = English;
			hasScannedForEncodings = 0;
			knownRegions = (
				en,
			);
			mainGroup = C442B31817E84F39006AD579;
			productRefGroup = C442B32217E84F39006AD579 /* Products */;
			projectDirPath = "";
			projectRoot = "";
			targets = (
				C442B32017E84F39006AD579 /* sentinel */,
			);
		};
/* End PBXProject section */

/* Begin PBXSourcesBuildPhase section */
		C442B31D17E84F39006AD579 /* Sources */ = {
			isa = PBXSourcesBuildPhase;
			buildActionMask = 2147483647;
			files = (
				C442B32817E84F39006AD579 /* main.m in Sources */,
			);
			runOnlyForDeploymentPostprocessing = 0;
		};
/* End PBXSourcesBuildPhase section */

/* Begin XCBuildConfiguration section */
		C442B32D17E84F39006AD579 /* Debug */ = {
			isa = XCBuildConfiguration;
			buildSettings = {
				ALWAYS_SEARCH_USER_PATHS = NO;
				ARCHS = "$(ARCHS_STANDARD_64_BIT)";
				CLANG_CXX_LANGUAGE_STANDARD = "gnu++0x";
				CLANG_CXX_LIBRARY = "libc++";
				CLANG_WARN_CONSTANT_CONVERSION = YES;
				CLANG_WARN_EMPTY_BODY = YES;
				CLANG_WARN_ENUM_CONVERSION = YES;
				CLANG_WARN_INT_CONVERSION = YES;
				CLANG_WARN__DUPLICATE_METHOD_MATCH = YES;
				COPY_PHASE_STRIP = NO;
				GCC_C_LANGUAGE_STANDARD = gnu99;
				GCC_DYNAMIC_NO_PIC = NO;
				GCC_ENABLE_OBJC_EXCEPTIONS = YES;
				GCC_OPTIMIZATION_LEVEL = 0;
				GCC_PREPROCESSOR_DEFINITIONS = (
					"DEBUG=1",
					"$(inherited)",
				);
				GCC_SYMBOLS_PRIVATE_EXTERN = NO;
				GCC_WARN_64_TO_32_BIT_CONVERSION = YES;
				GCC_WARN_ABOUT_RETURN_TYPE = YES;
				GCC_WARN_UNINITIALIZED_AUTOS = YES;
				GCC_WARN_UNUSED_VARIABLE = YES;
				MACOSX_DEPLOYMENT_TARGET = 10.8;
				ONLY_ACTIVE_ARCH = YES;
				SDKROOT = macosx;
			};
			name = Debug;
		};
		C442B32E17E84F39006AD579 /* Release */ = {
			isa = XCBuildConfiguration;
			buildSettings = {
				ALWAYS_SEARCH_USER_PATHS = NO;
				ARCHS = "$(ARCHS_STANDARD_64_BIT)";
				CLANG_CXX_LANGUAGE_STANDARD = "gnu++0x";
				CLANG_CXX_LIBRARY = "libc++";
				CLANG_WARN_CONSTANT_CONVERSION = YES;
				CLANG_WARN_EMPTY_BODY = YES;
				CLANG_WARN_ENUM_CONVERSION = YES;
				CLANG_WARN_INT_CONVERSION = YES;
				CLANG_WARN__DUPLICATE_METHOD_MATCH = YES;
				COPY_PHASE_STRIP = YES;
				DEBUG_INFORMATION_FORMAT = "dwarf-with-dsym";
				GCC_C_LANGUAGE_STANDARD = gnu99;
				GCC_ENABLE_OBJC_EXCEPTIONS = YES;
				GCC_WARN_64_TO_32_BIT_CONVERSION = YES;
				GCC_WARN_ABOUT_RETURN_TYPE = YES;
				GCC_WARN_UNINITIALIZED_AUTOS = YES;
				GCC_WARN_UNUSED_VARIABLE = YES;
				MACOSX_DEPLOYMENT_TARGET = 10.8;
				SDKROOT = macosx;
			};
			name = Release;
		};
		C442B33017E84F39006AD579 /* Debug */ = {
			isa = XCBuildConfiguration;
			buildSettings = {
				GCC_PRECOMPILE_PREFIX_HEADER = YES;
				GCC_PREFIX_HEADER = "sentinel/sentinel-Prefix.pch";
				PRODUCT_NAME = "$(TARGET_NAME)";
			};
			name = Debug;
		};
		C442B33117E84F39006AD579 /* Release */ = {
			isa = XCBuildConfiguration;
			buildSettings = {
				GCC_PRECOMPILE_PREFIX_HEADER = YES;
				GCC_PREFIX_HEADER = "sentinel/sentinel-Prefix.pch";
				PRODUCT_NAME = "$(TARGET_NAME)";
			};
			name = Release;
		};
/* End XCBuildConfiguration section */

/* Begin XCConfigurationList section */
		C442B31C17E84F39006AD579 /* Build configuration list for PBXProject "sentinel" */ = {
			isa = XCConfigurationList;
			buildConfigurations = (
				C442B32D17E84F39006AD579 /* Debug */,
				C442B32E17E84F39006AD579 /* Release */,
			);
			defaultConfigurationIsVisible = 0;
			defaultConfigurationName = Release;
		};
		C442B32F17E84F39006AD579 /* Build configuration list for PBXNativeTarget "sentinel" */ = {
			isa = XCConfigurationList;
			buildConfigurations = (
				C442B33017E84F39006AD579 /* Debug */,
				C442B33117E84F39006AD579 /* Release */,
			);
			defaultConfigurationIsVisible = 0;
		};
/* End XCConfigurationList section */
	};
	rootObject = C442B31917E84F39006AD579 /* Project object */;
}
